
Microsoft Visual Studio Solution File, Format Version 12.00
# Visual Studio Version 16
VisualStudioVersion = 16.0.30621.155
MinimumVisualStudioVersion = 10.0.40219.1
Project("{FAE04EC0-301F-11D3-BF4B-00C04F79EFBC}") = "Agenda2", "Agenda2\Agenda2.csproj", "{DA316922-9E3D-4117-856B-520BD236BE8B}"
EndProject
Global
	GlobalSection(SolutionConfigurationPlatforms) = preSolution
		Debug|Any CPU = Debug|Any CPU
		Release|Any CPU = Release|Any CPU
	EndGlobalSection
	GlobalSection(ProjectConfigurationPlatforms) = postSolution
		{DA316922-9E3D-4117-856B-520BD236BE8B}.Debug|Any CPU.ActiveCfg = Debug|Any CPU
		{DA316922-9E3D-4117-856B-520BD236BE8B}.Debug|Any CPU.Build.0 = Debug|Any CPU
		{DA316922-9E3D-4117-856B-520BD236BE8B}.Release|Any CPU.ActiveCfg = Release|Any CPU
		{DA316922-9E3D-4117-856B-520BD236BE8B}.Release|Any CPU.Build.0 = Release|Any CPU
	EndGlobalSection
	GlobalSection(SolutionProperties) = preSolution
		HideSolutionNode = FALSE
	EndGlobalSection
	GlobalSection(ExtensibilityGlobals) = postSolution
		SolutionGuid = {8069F5E5-8E82-441E-8E86-F5831E94F795}
	EndGlobalSection
EndGlobal
